# This file is automatically @generated by Poetry 2.0.1 and should not be changed by hand.

[[package]]
name = "anyio"
version = "4.9.0"
description = "High level compatibility layer for multiple asynchronous event loop implementations"
optional = false
python-versions = ">=3.9"
groups = ["main"]
files = [
    {file = "anyio-4.9.0-py3-none-any.whl", hash = "sha256:9f76d541cad6e36af7beb62e978876f3b41e3e04f2c1fbf0884604c0a9c4d93c"},
    {file = "anyio-4.9.0.tar.gz", hash = "sha256:673c0c244e15788651a4ff38710fea9675823028a6f08a5eda409e0c9840a028"},
]

[package.dependencies]
idna = ">=2.8"
sniffio = ">=1.1"

[package.extras]
doc = ["Sphinx (>=8.2,<9.0)", "packaging", "sphinx-autodoc-typehints (>=1.2.0)", "sphinx_rtd_theme"]
test = ["anyio[trio]", "blockbuster (>=1.5.23)", "coverage[toml] (>=7)", "exceptiongroup (>=1.2.0)", "hypothesis (>=4.0)", "psutil (>=5.9)", "pytest (>=7.0)", "trustme", "truststore (>=0.9.1)", "uvloop (>=0.21)"]
trio = ["trio (>=0.26.1)"]

[[package]]
name = "foxglove-sdk"
version = "0.7.1"
description = "Foxglove Python SDK"
optional = false
python-versions = ">=3.9"
groups = ["main"]
files = [
    {file = "foxglove_sdk-0.7.1-cp310-cp310-manylinux_2_17_aarch64.manylinux2014_aarch64.whl", hash = "sha256:eb13644c9be72f16c297b719737f3bb8897a2f42cb0ca825746f2a7012c1ee32"},
    {file = "foxglove_sdk-0.7.1-cp310-cp310-manylinux_2_17_armv7l.manylinux2014_armv7l.whl", hash = "sha256:d2c9b42b8353f26f435947cd4aed379bcc78dabff265d897279ba3baa67219c7"},
    {file = "foxglove_sdk-0.7.1-cp310-cp310-manylinux_2_17_i686.manylinux2014_i686.whl", hash = "sha256:7f9a82864e4eaa3f6893206936c99db140929dbdf6501aab3fa924000c23fa4c"},
    {file = "foxglove_sdk-0.7.1-cp310-cp310-manylinux_2_17_ppc64le.manylinux2014_ppc64le.whl", hash = "sha256:d582e083b422f7a620ab116794e12c2af6c5a136a96d4ea010b4b52fa91e4711"},
    {file = "foxglove_sdk-0.7.1-cp310-cp310-manylinux_2_17_s390x.manylinux2014_s390x.whl", hash = "sha256:7b7264430bf9ec92e86bd0a61541c1363c7642441d0a54b9f719a69433ab66ac"},
    {file = "foxglove_sdk-0.7.1-cp310-cp310-manylinux_2_17_x86_64.manylinux2014_x86_64.whl", hash = "sha256:57a80d5f67e398c6487139709012c6d88fe4c8a65963c1a22a0c47602ecc1193"},
    {file = "foxglove_sdk-0.7.1-cp310-cp310-musllinux_1_2_aarch64.whl", hash = "sha256:0f7fef7a4060839a17ff0dc6852b5102c3649a7cfd6f1e66aac29457254c9f8e"},
    {file = "foxglove_sdk-0.7.1-cp310-cp310-musllinux_1_2_armv7l.whl", hash = "sha256:a83e66887ecd4888f74f10649d64d13f580d87ada5c5b78ae682e5243ace4e88"},
    {file = "foxglove_sdk-0.7.1-cp310-cp310-musllinux_1_2_i686.whl", hash = "sha256:cd6c70bbb1384b98ab66f673229d63764c81ad37c8b587052f49c1d0d3754f83"},
    {file = "foxglove_sdk-0.7.1-cp310-cp310-musllinux_1_2_x86_64.whl", hash = "sha256:1369e83039fb1d1888bb2daeac36b578124a1bb1b055a35845e232de78fb1a7e"},
    {file = "foxglove_sdk-0.7.1-cp310-cp310-win32.whl", hash = "sha256:7d0edfd0fe94342d67c6464f0f5830950c4ff18be7482f16b3ec54f99555135f"},
    {file = "foxglove_sdk-0.7.1-cp310-cp310-win_amd64.whl", hash = "sha256:33d57509170029cd7881a77119a780472c3430fda1f5c990605735bf717bfc98"},
    {file = "foxglove_sdk-0.7.1-cp311-cp311-macosx_10_12_x86_64.whl", hash = "sha256:268727dca0ecab463aad09461b14249a9bac821045fa92570f0b1a281385f19c"},
    {file = "foxglove_sdk-0.7.1-cp311-cp311-macosx_11_0_arm64.whl", hash = "sha256:64814e63f24e0fb27b0818d4282527ebbefe59d0d994ae6deca23df09250ca93"},
    {file = "foxglove_sdk-0.7.1-cp311-cp311-manylinux_2_17_aarch64.manylinux2014_aarch64.whl", hash = "sha256:abddd40a767f56b36419855894df40b34695122bc8a251e7d03547ff1fc39ca1"},
    {file = "foxglove_sdk-0.7.1-cp311-cp311-manylinux_2_17_armv7l.manylinux2014_armv7l.whl", hash = "sha256:c0109e295a2a75c3cad7c62b44302bfe1a083f4263b2fa02c4ec3f539c6a69e2"},
    {file = "foxglove_sdk-0.7.1-cp311-cp311-manylinux_2_17_i686.manylinux2014_i686.whl", hash = "sha256:741e8621e9015fa629b9538ffc597263a09692699f66c13fb935d15c468595a2"},
    {file = "foxglove_sdk-0.7.1-cp311-cp311-manylinux_2_17_ppc64le.manylinux2014_ppc64le.whl", hash = "sha256:bb67c49eeb61445f7b56578fafd10a3d7fdd4ea2bf6616ccd85cede89edc1c1e"},
    {file = "foxglove_sdk-0.7.1-cp311-cp311-manylinux_2_17_s390x.manylinux2014_s390x.whl", hash = "sha256:0e5229cd22d2da37faf48c198ae546176f254d00582dd0d7295baf7fa1fe3bbe"},
    {file = "foxglove_sdk-0.7.1-cp311-cp311-manylinux_2_17_x86_64.manylinux2014_x86_64.whl", hash = "sha256:531224417e8794f0693356d04f0580fee56cb28795ddb356d18169423ed1c2fc"},
    {file = "foxglove_sdk-0.7.1-cp311-cp311-musllinux_1_2_aarch64.whl", hash = "sha256:765c3402b3e4434735e0b25afd15ac0765539d5d49e58540a31868deea3db7c2"},
    {file = "foxglove_sdk-0.7.1-cp311-cp311-musllinux_1_2_armv7l.whl", hash = "sha256:fec2a122214f8fd6b17ac20b1d25e39835711c07dea3c4b902107415a2fc35ce"},
    {file = "foxglove_sdk-0.7.1-cp311-cp311-musllinux_1_2_i686.whl", hash = "sha256:08ffab8e99f7b4469c86d58a9f6ca8a02d1f9b63f887b6b838160248c1eac558"},
    {file = "foxglove_sdk-0.7.1-cp311-cp311-musllinux_1_2_x86_64.whl", hash = "sha256:425b68585257ad17462947afbdf9c9b88777262056de21b68c893d094300d01b"},
    {file = "foxglove_sdk-0.7.1-cp311-cp311-win32.whl", hash = "sha256:c8431194c477d44c445af116e30913e67af19962bce1200ece4860db001dd0cd"},
    {file = "foxglove_sdk-0.7.1-cp311-cp311-win_amd64.whl", hash = "sha256:8d8dc2effaa729b29ffd8869ac40fa8ad8716d945016169e95ccafa0b25778a5"},
    {file = "foxglove_sdk-0.7.1-cp312-cp312-macosx_10_12_x86_64.whl", hash = "sha256:0526d7e1a8d96b5951cde38ab8664b0af46b4683e7db80c2c016ca135e2116fc"},
    {file = "foxglove_sdk-0.7.1-cp312-cp312-macosx_11_0_arm64.whl", hash = "sha256:e72c8ebf5280e834cb5e0931ac265d31640e8b4db6742b5165758f600df87783"},
    {file = "foxglove_sdk-0.7.1-cp312-cp312-manylinux_2_17_aarch64.manylinux2014_aarch64.whl", hash = "sha256:93320c5065b821fa7268e1c721e99e83208e0906914edd253a66cd52cef14415"},
    {file = "foxglove_sdk-0.7.1-cp312-cp312-manylinux_2_17_armv7l.manylinux2014_armv7l.whl", hash = "sha256:02ad85177e603331ca7641fb6e97b8c2480fe7c2f111483f7c773204c3cd9041"},
    {file = "foxglove_sdk-0.7.1-cp312-cp312-manylinux_2_17_i686.manylinux2014_i686.whl", hash = "sha256:b3e6871045f0d3a2ff9bba4ab371d64a289510035a1fd3f9a82c89aebda34208"},
    {file = "foxglove_sdk-0.7.1-cp312-cp312-manylinux_2_17_ppc64le.manylinux2014_ppc64le.whl", hash = "sha256:1af4aef9b613475b343eeea93f9c3fc2157e62c8127ff55d1667d63bf9a4fb0b"},
    {file = "foxglove_sdk-0.7.1-cp312-cp312-manylinux_2_17_s390x.manylinux2014_s390x.whl", hash = "sha256:a5e1d0f3c09f5baa2237bbb3589822abc2aa25e6e486340dffb5afee8494e584"},
    {file = "foxglove_sdk-0.7.1-cp312-cp312-manylinux_2_17_x86_64.manylinux2014_x86_64.whl", hash = "sha256:c567a695f8d866c2c870f7056d000196f533c125f5d2148fc7a42a42c54d1303"},
    {file = "foxglove_sdk-0.7.1-cp312-cp312-musllinux_1_2_aarch64.whl", hash = "sha256:4ddd18f0d97ddeb437333a3cd9c4b081ff7bfc3cd067527d004e0fefaecfdaf4"},
    {file = "foxglove_sdk-0.7.1-cp312-cp312-musllinux_1_2_armv7l.whl", hash = "sha256:0351cb6e6fb39d2c3413fe30116b01a2af9ecc61c38515fa11157cb96cc54673"},
    {file = "foxglove_sdk-0.7.1-cp312-cp312-musllinux_1_2_i686.whl", hash = "sha256:1eee3cb50a6471f6014762f204c9e8d5b60c2fb85afc843a1bf9884e3b7e012e"},
    {file = "foxglove_sdk-0.7.1-cp312-cp312-musllinux_1_2_x86_64.whl", hash = "sha256:389ba829fe0ea9efa7ff276da59c9de1594f1765a84434791bdb16ae744972af"},
    {file = "foxglove_sdk-0.7.1-cp312-cp312-win32.whl", hash = "sha256:3704cd39cf98c4a2bcdacab19aae6f1076663da45b775e57da7d0eeac5a52fea"},
    {file = "foxglove_sdk-0.7.1-cp312-cp312-win_amd64.whl", hash = "sha256:858301b058817e81caa7fe4bfb6e53ad85f577c6b5abf2eb18c75187d8e1cc2b"},
    {file = "foxglove_sdk-0.7.1-cp313-cp313-macosx_10_12_x86_64.whl", hash = "sha256:5f0e2c0c9c2536fde61304ae231f7fa0fdd75d4b18e216f6c0cfc554412f5bc2"},
    {file = "foxglove_sdk-0.7.1-cp313-cp313-macosx_11_0_arm64.whl", hash = "sha256:f5b748a161f15d3f81ab5f8e63913342cd086e63e4941cc1a9a54174e73cc854"},
    {file = "foxglove_sdk-0.7.1-cp313-cp313-manylinux_2_17_aarch64.manylinux2014_aarch64.whl", hash = "sha256:ff9b71336214bd7afa6f83c9825df2a3ac058fc851470d3f6d69f536daffafda"},
    {file = "foxglove_sdk-0.7.1-cp313-cp313-manylinux_2_17_armv7l.manylinux2014_armv7l.whl", hash = "sha256:684e7c161a7cb1ba9e05a46fb35290a3e6a34a155212609d8b8a4d4ff0c62480"},
    {file = "foxglove_sdk-0.7.1-cp313-cp313-manylinux_2_17_i686.manylinux2014_i686.whl", hash = "sha256:9ce0894e5cf3721da610f0819da7ef5d25f600affb76fef41775c5a4030958ff"},
    {file = "foxglove_sdk-0.7.1-cp313-cp313-manylinux_2_17_ppc64le.manylinux2014_ppc64le.whl", hash = "sha256:9acc1a8f76d8465ee31448be5a2d5895e51ef4e8ee693aa062613e2eece6d5aa"},
    {file = "foxglove_sdk-0.7.1-cp313-cp313-manylinux_2_17_s390x.manylinux2014_s390x.whl", hash = "sha256:e87e7e414f45a3742dddc3381e8c2f27e30490d8734476a0182ca73b14a2ef40"},
    {file = "foxglove_sdk-0.7.1-cp313-cp313-manylinux_2_17_x86_64.manylinux2014_x86_64.whl", hash = "sha256:a4d438c5509ceaeec9a7b201b08c1eac61dbf264b72f7d7efdb81f7adad344cc"},
    {file = "foxglove_sdk-0.7.1-cp313-cp313-musllinux_1_2_aarch64.whl", hash = "sha256:71f6cda18bd308aecf74f4a233b3abede1c7462e6180dc5313d4230317969c78"},
    {file = "foxglove_sdk-0.7.1-cp313-cp313-musllinux_1_2_armv7l.whl", hash = "sha256:af15ea9dc10978acade48dbbe1b5ae6234ac840e90b78dbc95e491461af768f4"},
    {file = "foxglove_sdk-0.7.1-cp313-cp313-musllinux_1_2_i686.whl", hash = "sha256:4b4e713108a5b05758ad63986fd2277672cddb4b640398fe8e58042a3f94d96c"},
    {file = "foxglove_sdk-0.7.1-cp313-cp313-musllinux_1_2_x86_64.whl", hash = "sha256:4f894150dbda1a386b1f246b71aa9f432d9798d77e53c2895769ae75f783bd6a"},
    {file = "foxglove_sdk-0.7.1-cp313-cp313-win32.whl", hash = "sha256:0859267ec5a11c4508dfd95f1b302cfa19c582deae44351dca07af5cfdbc7c0d"},
    {file = "foxglove_sdk-0.7.1-cp313-cp313-win_amd64.whl", hash = "sha256:c788c2b3472750c75de74b522fd1e58f863b59d99b1c3a920e15b7851c0afc05"},
    {file = "foxglove_sdk-0.7.1-cp313-cp313t-manylinux_2_17_aarch64.manylinux2014_aarch64.whl", hash = "sha256:c4b135a587a0cbd47f2e6d31462c1aba9b8dee214919150085762764de8cce0d"},
    {file = "foxglove_sdk-0.7.1-cp313-cp313t-manylinux_2_17_armv7l.manylinux2014_armv7l.whl", hash = "sha256:b869f82c1cb342732684f671d45e3e3eb8d4a43c2b730015fd21317cb710a1e8"},
    {file = "foxglove_sdk-0.7.1-cp313-cp313t-manylinux_2_17_ppc64le.manylinux2014_ppc64le.whl", hash = "sha256:19531e3fc65bb39cc99ef74488cfe01d2670f161abd4e3ce5339564ceba51303"},
    {file = "foxglove_sdk-0.7.1-cp313-cp313t-manylinux_2_17_s390x.manylinux2014_s390x.whl", hash = "sha256:09378e2bee4060bb4619d782f0551c3a885b6ec2dba873d510a94ce53c667179"},
    {file = "foxglove_sdk-0.7.1-cp313-cp313t-musllinux_1_2_aarch64.whl", hash = "sha256:3f6119f80e4e51d6ecc68de339d81e96a48844731e2f79f323d9a657546540dd"},
    {file = "foxglove_sdk-0.7.1-cp313-cp313t-musllinux_1_2_armv7l.whl", hash = "sha256:401268d602047d30b305af79e636c9d36042ca37a53c44c2d67edd8b59da3ffd"},
    {file = "foxglove_sdk-0.7.1-cp313-cp313t-musllinux_1_2_i686.whl", hash = "sha256:40f63c094723f2891243fbd883222eb7c79155b3e5a625f1f3552dc5f1f3d9a7"},
    {file = "foxglove_sdk-0.7.1-cp313-cp313t-musllinux_1_2_x86_64.whl", hash = "sha256:c73ce01c3a0a6da4cd7448b4652c0fd6df59b66392cf0c315bab5a273d632d2e"},
    {file = "foxglove_sdk-0.7.1-cp39-cp39-macosx_10_12_x86_64.whl", hash = "sha256:41286883129174a78333c0178eea390bd59b70970d89a64d7251cd8a57714793"},
    {file = "foxglove_sdk-0.7.1-cp39-cp39-macosx_11_0_arm64.whl", hash = "sha256:bf0e2b6e0b4511a0b8d4823b0bf8372fdc262cc082ab63e6e76b0492ae2109e5"},
    {file = "foxglove_sdk-0.7.1-cp39-cp39-manylinux_2_17_aarch64.manylinux2014_aarch64.whl", hash = "sha256:62a6ff7ba1a69dabf3b7f1dd8461c9e804b41dfd042b2abb3442ce60112ae939"},
    {file = "foxglove_sdk-0.7.1-cp39-cp39-manylinux_2_17_armv7l.manylinux2014_armv7l.whl", hash = "sha256:a2c9ebc49975503f0d66e7a312d03443c8b3abbd24c6392e74eade8741aa7156"},
    {file = "foxglove_sdk-0.7.1-cp39-cp39-manylinux_2_17_i686.manylinux2014_i686.whl", hash = "sha256:a8801926aef8493c2b1956253436d64c3f97bb46a475f267e8216e66059420e2"},
    {file = "foxglove_sdk-0.7.1-cp39-cp39-manylinux_2_17_ppc64le.manylinux2014_ppc64le.whl", hash = "sha256:1fff13cc6b1c1bf08717e454afe0e0dc12947eb2694c761e35f168750c92e7b2"},
    {file = "foxglove_sdk-0.7.1-cp39-cp39-manylinux_2_17_s390x.manylinux2014_s390x.whl", hash = "sha256:e07182438b6b0b01646842ef1d83bc65376cd2f9970fb7236f77075b41c83f5d"},
    {file = "foxglove_sdk-0.7.1-cp39-cp39-manylinux_2_17_x86_64.manylinux2014_x86_64.whl", hash = "sha256:deb77533c6fbccf6bf1f39f45ba0f871832996dd5a4eb01100c127f66d47cc9b"},
    {file = "foxglove_sdk-0.7.1-cp39-cp39-musllinux_1_2_aarch64.whl", hash = "sha256:a2262fafc5f4036cdcf4c50cce5fe171a4dabd377c6e665e8377ac73ecbd670b"},
    {file = "foxglove_sdk-0.7.1-cp39-cp39-musllinux_1_2_armv7l.whl", hash = "sha256:62fa02a3f4ec42b1350915a5e0f6906de76bfbce0ba9071072f4853b5fe833e5"},
    {file = "foxglove_sdk-0.7.1-cp39-cp39-musllinux_1_2_i686.whl", hash = "sha256:df65f059d18299a5402b0fe5fa7347ae1f2788c8373c8e8fa845f99f6cad485a"},
    {file = "foxglove_sdk-0.7.1-cp39-cp39-musllinux_1_2_x86_64.whl", hash = "sha256:a32476d9eefaa78f0e6419bc85e394a0487b6f888ea12f85be55a05e1f802486"},
    {file = "foxglove_sdk-0.7.1-cp39-cp39-win32.whl", hash = "sha256:d14597ac3ffb5e13c214f25e7df18687b49ec7a8d0e5483a09cfe41bda5733dc"},
    {file = "foxglove_sdk-0.7.1-cp39-cp39-win_amd64.whl", hash = "sha256:73b5875b97acd75318c35792a46fca02cf937ddbf5a8b6786ec8dfe2d6516ab4"},
    {file = "foxglove_sdk-0.7.1-pp310-pypy310_pp73-manylinux_2_17_aarch64.manylinux2014_aarch64.whl", hash = "sha256:0ae4a7b741e3f234e9b2a502e6661f8079aa5bcdbb322aee0ce3afeb90bb7def"},
    {file = "foxglove_sdk-0.7.1-pp310-pypy310_pp73-manylinux_2_17_armv7l.manylinux2014_armv7l.whl", hash = "sha256:9fc812879ea83c3c4cb6b1b892bbdd5b393e9b2456a32f170f7328f992761883"},
    {file = "foxglove_sdk-0.7.1-pp310-pypy310_pp73-manylinux_2_17_i686.manylinux2014_i686.whl", hash = "sha256:8d64c16f45ab8e76d2920da7c3596e3ddeccdae08a34515976024df40885934a"},
    {file = "foxglove_sdk-0.7.1-pp310-pypy310_pp73-manylinux_2_17_ppc64le.manylinux2014_ppc64le.whl", hash = "sha256:88a5db0a39cba2f64a722e90c288067dfe56681855222c1581d117c8851e4647"},
    {file = "foxglove_sdk-0.7.1-pp310-pypy310_pp73-manylinux_2_17_s390x.manylinux2014_s390x.whl", hash = "sha256:0e30a766fdd6e4cdb638d3e3b7d879c41bdfe14549fef7b55476910bc7be98ad"},
    {file = "foxglove_sdk-0.7.1-pp310-pypy310_pp73-manylinux_2_17_x86_64.manylinux2014_x86_64.whl", hash = "sha256:3ea09811b1c49df517195776346a8cb9e5c7d1a9bfacf039944b09236eba5d8c"},
    {file = "foxglove_sdk-0.7.1-pp310-pypy310_pp73-musllinux_1_2_aarch64.whl", hash = "sha256:09ab03e7f76918977ec69c4ab8b7a7d946e51c7c786dfa0fac239492ae8917ef"},
    {file = "foxglove_sdk-0.7.1-pp310-pypy310_pp73-musllinux_1_2_armv7l.whl", hash = "sha256:c6524e8c2d3e59f778adde76ff1691c5b33512b0c856349e22e418d91ac9666d"},
    {file = "foxglove_sdk-0.7.1-pp310-pypy310_pp73-musllinux_1_2_i686.whl", hash = "sha256:45d6942ef92bddc2a2476e4d40326c732759e37fda1ccf199665ffd8f92da465"},
    {file = "foxglove_sdk-0.7.1-pp310-pypy310_pp73-musllinux_1_2_x86_64.whl", hash = "sha256:e24bb654962e551be2e0b668ab9c953f3326f7dc28333b3e95c687538d48c621"},
    {file = "foxglove_sdk-0.7.1-pp311-pypy311_pp73-manylinux_2_17_aarch64.manylinux2014_aarch64.whl", hash = "sha256:e3196374a533095412a6e38ac6ea14ba93090d7037c8e21958ef11665957e4d8"},
    {file = "foxglove_sdk-0.7.1-pp311-pypy311_pp73-manylinux_2_17_armv7l.manylinux2014_armv7l.whl", hash = "sha256:50d160fddeb78052b08f26a0ac5bf5c7fdf9d2aafc7813cf1b626935473b82eb"},
    {file = "foxglove_sdk-0.7.1-pp311-pypy311_pp73-manylinux_2_17_i686.manylinux2014_i686.whl", hash = "sha256:ee0191d25f49b311b4c38e455145e756d0aff6fd16edf35f426d368cf642dfae"},
    {file = "foxglove_sdk-0.7.1-pp311-pypy311_pp73-manylinux_2_17_ppc64le.manylinux2014_ppc64le.whl", hash = "sha256:8345754f7be301531c88640c5596cec967256a084dc81b9eacfeee4532aaa17d"},
    {file = "foxglove_sdk-0.7.1-pp311-pypy311_pp73-manylinux_2_17_s390x.manylinux2014_s390x.whl", hash = "sha256:06a94707c32ee2b1947277674e43176e3dafb0a3beb7de18cd6f39b8f6fc8093"},
    {file = "foxglove_sdk-0.7.1-pp311-pypy311_pp73-manylinux_2_17_x86_64.manylinux2014_x86_64.whl", hash = "sha256:da95ce7909a262847425996907228667676bee43974afae957cce1540f0b54f2"},
    {file = "foxglove_sdk-0.7.1-pp311-pypy311_pp73-musllinux_1_2_aarch64.whl", hash = "sha256:ed1958009f52a8000d7c09231a9671a7ae441f1abedebbf19bf02d808d4f80dd"},
    {file = "foxglove_sdk-0.7.1-pp311-pypy311_pp73-musllinux_1_2_armv7l.whl", hash = "sha256:108ef4558692e5ccead29b85165d56774e41b4037e75b4e6e2df9eb6b9b41dc8"},
    {file = "foxglove_sdk-0.7.1-pp311-pypy311_pp73-musllinux_1_2_i686.whl", hash = "sha256:300c3e228227f62f9318bf050399d0861d5e38e911610e1b5e22dd8244282ee9"},
    {file = "foxglove_sdk-0.7.1-pp311-pypy311_pp73-musllinux_1_2_x86_64.whl", hash = "sha256:de014b1977702fb2407d449703ad1538b79bebd9b0875f7c6d5d043274f8b01f"},
    {file = "foxglove_sdk-0.7.1-pp39-pypy39_pp73-manylinux_2_17_aarch64.manylinux2014_aarch64.whl", hash = "sha256:9a37f888cad94d50c6d79bc12c32ce519aeadc4a2eb438eaeea59ebafe4b7bcf"},
    {file = "foxglove_sdk-0.7.1-pp39-pypy39_pp73-manylinux_2_17_armv7l.manylinux2014_armv7l.whl", hash = "sha256:f004c939cf5623d97417127c4bf757427640e2cea3dd90eb500f8f4726923652"},
    {file = "foxglove_sdk-0.7.1-pp39-pypy39_pp73-manylinux_2_17_ppc64le.manylinux2014_ppc64le.whl", hash = "sha256:034406f7900c4424e0f20469387ea3c8fed5b91b5a67670b5ff2a6843e5559d8"},
    {file = "foxglove_sdk-0.7.1-pp39-pypy39_pp73-manylinux_2_17_s390x.manylinux2014_s390x.whl", hash = "sha256:55a3a91f698a7ee36410d9e819782f022db720c9ea493f027a2fbd15509a6c65"},
    {file = "foxglove_sdk-0.7.1-pp39-pypy39_pp73-musllinux_1_2_aarch64.whl", hash = "sha256:7b371a7ed470083feaa34a47851be9758fd519238f2944b40310784c47eb3078"},
    {file = "foxglove_sdk-0.7.1-pp39-pypy39_pp73-musllinux_1_2_armv7l.whl", hash = "sha256:aa67be34b347a5a831f62c3723d81f1f4c58e8748d2050a059e3d71c607bdef6"},
    {file = "foxglove_sdk-0.7.1-pp39-pypy39_pp73-musllinux_1_2_i686.whl", hash = "sha256:1e765b01651cf32cedad12ca1396cd6a830ab346667af457beb73162377c2600"},
    {file = "foxglove_sdk-0.7.1-pp39-pypy39_pp73-musllinux_1_2_x86_64.whl", hash = "sha256:717aa0287502d76f9809b3d4fbb04d4c3dbd227273da1d884bf9dde5876f4846"},
    {file = "foxglove_sdk-0.7.1.tar.gz", hash = "sha256:e80298af223e24fa4f5a54614eff1f24abf0fcb66bf1c7f0bdb88889e6d27e70"},
]

[[package]]
name = "idna"
version = "3.10"
description = "Internationalized Domain Names in Applications (IDNA)"
optional = false
python-versions = ">=3.6"
groups = ["main"]
files = [
    {file = "idna-3.10-py3-none-any.whl", hash = "sha256:946d195a0d259cbba61165e88e65941f16e9b36ea6ddb97f00452bae8b1287d3"},
    {file = "idna-3.10.tar.gz", hash = "sha256:12f65c9b470abda6dc35cf8e63cc574b1c52b11df2c86030af0ac09b01b13ea9"},
]

[package.extras]
all = ["flake8 (>=7.1.1)", "mypy (>=1.11.2)", "pytest (>=8.3.2)", "ruff (>=0.6.2)"]

[[package]]
name = "sniffio"
version = "1.3.1"
description = "Sniff out which async library your code is running under"
optional = false
python-versions = ">=3.7"
groups = ["main"]
files = [
    {file = "sniffio-1.3.1-py3-none-any.whl", hash = "sha256:2f6da418d1f1e0fddd844478f41680e794e6051915791a034ff65e5f100525a2"},
    {file = "sniffio-1.3.1.tar.gz", hash = "sha256:f4324edc670a0f49750a81b895f35c3adb843cca46f0530f79fc1babb23789dc"},
]

[[package]]
name = "watchfiles"
version = "1.0.5"
description = "Simple, modern and high performance file watching and code reload in python."
optional = false
python-versions = ">=3.9"
groups = ["main"]
files = [
    {file = "watchfiles-1.0.5-cp310-cp310-macosx_10_12_x86_64.whl", hash = "sha256:5c40fe7dd9e5f81e0847b1ea64e1f5dd79dd61afbedb57759df06767ac719b40"},
    {file = "watchfiles-1.0.5-cp310-cp310-macosx_11_0_arm64.whl", hash = "sha256:8c0db396e6003d99bb2d7232c957b5f0b5634bbd1b24e381a5afcc880f7373fb"},
    {file = "watchfiles-1.0.5-cp310-cp310-manylinux_2_17_aarch64.manylinux2014_aarch64.whl", hash = "sha256:b551d4fb482fc57d852b4541f911ba28957d051c8776e79c3b4a51eb5e2a1b11"},
    {file = "watchfiles-1.0.5-cp310-cp310-manylinux_2_17_armv7l.manylinux2014_armv7l.whl", hash = "sha256:830aa432ba5c491d52a15b51526c29e4a4b92bf4f92253787f9726fe01519487"},
    {file = "watchfiles-1.0.5-cp310-cp310-manylinux_2_17_i686.manylinux2014_i686.whl", hash = "sha256:a16512051a822a416b0d477d5f8c0e67b67c1a20d9acecb0aafa3aa4d6e7d256"},
    {file = "watchfiles-1.0.5-cp310-cp310-manylinux_2_17_ppc64le.manylinux2014_ppc64le.whl", hash = "sha256:bfe0cbc787770e52a96c6fda6726ace75be7f840cb327e1b08d7d54eadc3bc85"},
    {file = "watchfiles-1.0.5-cp310-cp310-manylinux_2_17_s390x.manylinux2014_s390x.whl", hash = "sha256:d363152c5e16b29d66cbde8fa614f9e313e6f94a8204eaab268db52231fe5358"},
    {file = "watchfiles-1.0.5-cp310-cp310-manylinux_2_17_x86_64.manylinux2014_x86_64.whl", hash = "sha256:7ee32c9a9bee4d0b7bd7cbeb53cb185cf0b622ac761efaa2eba84006c3b3a614"},
    {file = "watchfiles-1.0.5-cp310-cp310-musllinux_1_1_aarch64.whl", hash = "sha256:29c7fd632ccaf5517c16a5188e36f6612d6472ccf55382db6c7fe3fcccb7f59f"},
    {file = "watchfiles-1.0.5-cp310-cp310-musllinux_1_1_x86_64.whl", hash = "sha256:8e637810586e6fe380c8bc1b3910accd7f1d3a9a7262c8a78d4c8fb3ba6a2b3d"},
    {file = "watchfiles-1.0.5-cp310-cp310-win32.whl", hash = "sha256:cd47d063fbeabd4c6cae1d4bcaa38f0902f8dc5ed168072874ea11d0c7afc1ff"},
    {file = "watchfiles-1.0.5-cp310-cp310-win_amd64.whl", hash = "sha256:86c0df05b47a79d80351cd179893f2f9c1b1cae49d96e8b3290c7f4bd0ca0a92"},
    {file = "watchfiles-1.0.5-cp311-cp311-macosx_10_12_x86_64.whl", hash = "sha256:237f9be419e977a0f8f6b2e7b0475ababe78ff1ab06822df95d914a945eac827"},
    {file = "watchfiles-1.0.5-cp311-cp311-macosx_11_0_arm64.whl", hash = "sha256:e0da39ff917af8b27a4bdc5a97ac577552a38aac0d260a859c1517ea3dc1a7c4"},
    {file = "watchfiles-1.0.5-cp311-cp311-manylinux_2_17_aarch64.manylinux2014_aarch64.whl", hash = "sha256:2cfcb3952350e95603f232a7a15f6c5f86c5375e46f0bd4ae70d43e3e063c13d"},
    {file = "watchfiles-1.0.5-cp311-cp311-manylinux_2_17_armv7l.manylinux2014_armv7l.whl", hash = "sha256:68b2dddba7a4e6151384e252a5632efcaa9bc5d1c4b567f3cb621306b2ca9f63"},
    {file = "watchfiles-1.0.5-cp311-cp311-manylinux_2_17_i686.manylinux2014_i686.whl", hash = "sha256:95cf944fcfc394c5f9de794ce581914900f82ff1f855326f25ebcf24d5397418"},
    {file = "watchfiles-1.0.5-cp311-cp311-manylinux_2_17_ppc64le.manylinux2014_ppc64le.whl", hash = "sha256:ecf6cd9f83d7c023b1aba15d13f705ca7b7d38675c121f3cc4a6e25bd0857ee9"},
    {file = "watchfiles-1.0.5-cp311-cp311-manylinux_2_17_s390x.manylinux2014_s390x.whl", hash = "sha256:852de68acd6212cd6d33edf21e6f9e56e5d98c6add46f48244bd479d97c967c6"},
    {file = "watchfiles-1.0.5-cp311-cp311-manylinux_2_17_x86_64.manylinux2014_x86_64.whl", hash = "sha256:d5730f3aa35e646103b53389d5bc77edfbf578ab6dab2e005142b5b80a35ef25"},
    {file = "watchfiles-1.0.5-cp311-cp311-musllinux_1_1_aarch64.whl", hash = "sha256:18b3bd29954bc4abeeb4e9d9cf0b30227f0f206c86657674f544cb032296acd5"},
    {file = "watchfiles-1.0.5-cp311-cp311-musllinux_1_1_x86_64.whl", hash = "sha256:ba5552a1b07c8edbf197055bc9d518b8f0d98a1c6a73a293bc0726dce068ed01"},
    {file = "watchfiles-1.0.5-cp311-cp311-win32.whl", hash = "sha256:2f1fefb2e90e89959447bc0420fddd1e76f625784340d64a2f7d5983ef9ad246"},
    {file = "watchfiles-1.0.5-cp311-cp311-win_amd64.whl", hash = "sha256:b6e76ceb1dd18c8e29c73f47d41866972e891fc4cc7ba014f487def72c1cf096"},
    {file = "watchfiles-1.0.5-cp311-cp311-win_arm64.whl", hash = "sha256:266710eb6fddc1f5e51843c70e3bebfb0f5e77cf4f27129278c70554104d19ed"},
    {file = "watchfiles-1.0.5-cp312-cp312-macosx_10_12_x86_64.whl", hash = "sha256:b5eb568c2aa6018e26da9e6c86f3ec3fd958cee7f0311b35c2630fa4217d17f2"},
    {file = "watchfiles-1.0.5-cp312-cp312-macosx_11_0_arm64.whl", hash = "sha256:0a04059f4923ce4e856b4b4e5e783a70f49d9663d22a4c3b3298165996d1377f"},
    {file = "watchfiles-1.0.5-cp312-cp312-manylinux_2_17_aarch64.manylinux2014_aarch64.whl", hash = "sha256:3e380c89983ce6e6fe2dd1e1921b9952fb4e6da882931abd1824c092ed495dec"},
    {file = "watchfiles-1.0.5-cp312-cp312-manylinux_2_17_armv7l.manylinux2014_armv7l.whl", hash = "sha256:fe43139b2c0fdc4a14d4f8d5b5d967f7a2777fd3d38ecf5b1ec669b0d7e43c21"},
    {file = "watchfiles-1.0.5-cp312-cp312-manylinux_2_17_i686.manylinux2014_i686.whl", hash = "sha256:ee0822ce1b8a14fe5a066f93edd20aada932acfe348bede8aa2149f1a4489512"},
    {file = "watchfiles-1.0.5-cp312-cp312-manylinux_2_17_ppc64le.manylinux2014_ppc64le.whl", hash = "sha256:a0dbcb1c2d8f2ab6e0a81c6699b236932bd264d4cef1ac475858d16c403de74d"},
    {file = "watchfiles-1.0.5-cp312-cp312-manylinux_2_17_s390x.manylinux2014_s390x.whl", hash = "sha256:a2014a2b18ad3ca53b1f6c23f8cd94a18ce930c1837bd891262c182640eb40a6"},
    {file = "watchfiles-1.0.5-cp312-cp312-manylinux_2_17_x86_64.manylinux2014_x86_64.whl", hash = "sha256:10f6ae86d5cb647bf58f9f655fcf577f713915a5d69057a0371bc257e2553234"},
    {file = "watchfiles-1.0.5-cp312-cp312-musllinux_1_1_aarch64.whl", hash = "sha256:1a7bac2bde1d661fb31f4d4e8e539e178774b76db3c2c17c4bb3e960a5de07a2"},
    {file = "watchfiles-1.0.5-cp312-cp312-musllinux_1_1_x86_64.whl", hash = "sha256:4ab626da2fc1ac277bbf752446470b367f84b50295264d2d313e28dc4405d663"},
    {file = "watchfiles-1.0.5-cp312-cp312-win32.whl", hash = "sha256:9f4571a783914feda92018ef3901dab8caf5b029325b5fe4558c074582815249"},
    {file = "watchfiles-1.0.5-cp312-cp312-win_amd64.whl", hash = "sha256:360a398c3a19672cf93527f7e8d8b60d8275119c5d900f2e184d32483117a705"},
    {file = "watchfiles-1.0.5-cp312-cp312-win_arm64.whl", hash = "sha256:1a2902ede862969077b97523987c38db28abbe09fb19866e711485d9fbf0d417"},
    {file = "watchfiles-1.0.5-cp313-cp313-macosx_10_12_x86_64.whl", hash = "sha256:0b289572c33a0deae62daa57e44a25b99b783e5f7aed81b314232b3d3c81a11d"},
    {file = "watchfiles-1.0.5-cp313-cp313-macosx_11_0_arm64.whl", hash = "sha256:a056c2f692d65bf1e99c41045e3bdcaea3cb9e6b5a53dcaf60a5f3bd95fc9763"},
    {file = "watchfiles-1.0.5-cp313-cp313-manylinux_2_17_aarch64.manylinux2014_aarch64.whl", hash = "sha256:b9dca99744991fc9850d18015c4f0438865414e50069670f5f7eee08340d8b40"},
    {file = "watchfiles-1.0.5-cp313-cp313-manylinux_2_17_armv7l.manylinux2014_armv7l.whl", hash = "sha256:894342d61d355446d02cd3988a7326af344143eb33a2fd5d38482a92072d9563"},
    {file = "watchfiles-1.0.5-cp313-cp313-manylinux_2_17_i686.manylinux2014_i686.whl", hash = "sha256:ab44e1580924d1ffd7b3938e02716d5ad190441965138b4aa1d1f31ea0877f04"},
    {file = "watchfiles-1.0.5-cp313-cp313-manylinux_2_17_ppc64le.manylinux2014_ppc64le.whl", hash = "sha256:d6f9367b132078b2ceb8d066ff6c93a970a18c3029cea37bfd7b2d3dd2e5db8f"},
    {file = "watchfiles-1.0.5-cp313-cp313-manylinux_2_17_s390x.manylinux2014_s390x.whl", hash = "sha256:f2e55a9b162e06e3f862fb61e399fe9f05d908d019d87bf5b496a04ef18a970a"},
    {file = "watchfiles-1.0.5-cp313-cp313-manylinux_2_17_x86_64.manylinux2014_x86_64.whl", hash = "sha256:0125f91f70e0732a9f8ee01e49515c35d38ba48db507a50c5bdcad9503af5827"},
    {file = "watchfiles-1.0.5-cp313-cp313-musllinux_1_1_aarch64.whl", hash = "sha256:13bb21f8ba3248386337c9fa51c528868e6c34a707f729ab041c846d52a0c69a"},
    {file = "watchfiles-1.0.5-cp313-cp313-musllinux_1_1_x86_64.whl", hash = "sha256:839ebd0df4a18c5b3c1b890145b5a3f5f64063c2a0d02b13c76d78fe5de34936"},
    {file = "watchfiles-1.0.5-cp313-cp313-win32.whl", hash = "sha256:4a8ec1e4e16e2d5bafc9ba82f7aaecfeec990ca7cd27e84fb6f191804ed2fcfc"},
    {file = "watchfiles-1.0.5-cp313-cp313-win_amd64.whl", hash = "sha256:f436601594f15bf406518af922a89dcaab416568edb6f65c4e5bbbad1ea45c11"},
    {file = "watchfiles-1.0.5-cp39-cp39-macosx_10_12_x86_64.whl", hash = "sha256:2cfb371be97d4db374cba381b9f911dd35bb5f4c58faa7b8b7106c8853e5d225"},
    {file = "watchfiles-1.0.5-cp39-cp39-macosx_11_0_arm64.whl", hash = "sha256:a3904d88955fda461ea2531fcf6ef73584ca921415d5cfa44457a225f4a42bc1"},
    {file = "watchfiles-1.0.5-cp39-cp39-manylinux_2_17_aarch64.manylinux2014_aarch64.whl", hash = "sha256:2b7a21715fb12274a71d335cff6c71fe7f676b293d322722fe708a9ec81d91f5"},
    {file = "watchfiles-1.0.5-cp39-cp39-manylinux_2_17_armv7l.manylinux2014_armv7l.whl", hash = "sha256:dfd6ae1c385ab481766b3c61c44aca2b3cd775f6f7c0fa93d979ddec853d29d5"},
    {file = "watchfiles-1.0.5-cp39-cp39-manylinux_2_17_i686.manylinux2014_i686.whl", hash = "sha256:b659576b950865fdad31fa491d31d37cf78b27113a7671d39f919828587b429b"},
    {file = "watchfiles-1.0.5-cp39-cp39-manylinux_2_17_ppc64le.manylinux2014_ppc64le.whl", hash = "sha256:1909e0a9cd95251b15bff4261de5dd7550885bd172e3536824bf1cf6b121e200"},
    {file = "watchfiles-1.0.5-cp39-cp39-manylinux_2_17_s390x.manylinux2014_s390x.whl", hash = "sha256:832ccc221927c860e7286c55c9b6ebcc0265d5e072f49c7f6456c7798d2b39aa"},
    {file = "watchfiles-1.0.5-cp39-cp39-manylinux_2_17_x86_64.manylinux2014_x86_64.whl", hash = "sha256:85fbb6102b3296926d0c62cfc9347f6237fb9400aecd0ba6bbda94cae15f2b3b"},
    {file = "watchfiles-1.0.5-cp39-cp39-musllinux_1_1_aarch64.whl", hash = "sha256:15ac96dd567ad6c71c71f7b2c658cb22b7734901546cd50a475128ab557593ca"},
    {file = "watchfiles-1.0.5-cp39-cp39-musllinux_1_1_x86_64.whl", hash = "sha256:4b6227351e11c57ae997d222e13f5b6f1f0700d84b8c52304e8675d33a808382"},
    {file = "watchfiles-1.0.5-cp39-cp39-win32.whl", hash = "sha256:974866e0db748ebf1eccab17862bc0f0303807ed9cda465d1324625b81293a18"},
    {file = "watchfiles-1.0.5-cp39-cp39-win_amd64.whl", hash = "sha256:9848b21ae152fe79c10dd0197304ada8f7b586d3ebc3f27f43c506e5a52a863c"},
    {file = "watchfiles-1.0.5-pp310-pypy310_pp73-macosx_10_12_x86_64.whl", hash = "sha256:f59b870db1f1ae5a9ac28245707d955c8721dd6565e7f411024fa374b5362d1d"},
    {file = "watchfiles-1.0.5-pp310-pypy310_pp73-macosx_11_0_arm64.whl", hash = "sha256:9475b0093767e1475095f2aeb1d219fb9664081d403d1dff81342df8cd707034"},
    {file = "watchfiles-1.0.5-pp310-pypy310_pp73-manylinux_2_17_aarch64.manylinux2014_aarch64.whl", hash = "sha256:fc533aa50664ebd6c628b2f30591956519462f5d27f951ed03d6c82b2dfd9965"},
    {file = "watchfiles-1.0.5-pp310-pypy310_pp73-manylinux_2_17_x86_64.manylinux2014_x86_64.whl", hash = "sha256:fed1cd825158dcaae36acce7b2db33dcbfd12b30c34317a88b8ed80f0541cc57"},
    {file = "watchfiles-1.0.5-pp39-pypy39_pp73-macosx_10_12_x86_64.whl", hash = "sha256:554389562c29c2c182e3908b149095051f81d28c2fec79ad6c8997d7d63e0009"},
    {file = "watchfiles-1.0.5-pp39-pypy39_pp73-macosx_11_0_arm64.whl", hash = "sha256:a74add8d7727e6404d5dc4dcd7fac65d4d82f95928bbee0cf5414c900e86773e"},
    {file = "watchfiles-1.0.5-pp39-pypy39_pp73-manylinux_2_17_aarch64.manylinux2014_aarch64.whl", hash = "sha256:cb1489f25b051a89fae574505cc26360c8e95e227a9500182a7fe0afcc500ce0"},
    {file = "watchfiles-1.0.5-pp39-pypy39_pp73-manylinux_2_17_x86_64.manylinux2014_x86_64.whl", hash = "sha256:c0901429650652d3f0da90bad42bdafc1f9143ff3605633c455c999a2d786cac"},
    {file = "watchfiles-1.0.5.tar.gz", hash = "sha256:b7529b5dcc114679d43827d8c35a07c493ad6f083633d573d81c660abc5979e9"},
]

[package.dependencies]
anyio = ">=3.0.0"

[metadata]
lock-version = "2.1"
python-versions = ">=3.13"
content-hash = "dc07db6f2dcd3d610aca6f1bef27b91c975a54324690a55584b16ac98c18a7b6"
